# This file was autogenerated by Stack.
# You should not edit this file by hand.
# For more information, please see the documentation at:
#   https://docs.haskellstack.org/en/stable/lock_files

packages:
- completed:
    hackage: gitlib-3.1.2@sha256:0f7142d8d58f7717242d65238e8814f17f9bbe7224a463adf34f75262c536227,2949
    pantry-tree:
      size: 982
      sha256: 6a6fad020f023be98bddcbcca7ba1c97d9e606f768b6ca6e845ad18285c89748
  original:
    hackage: gitlib-3.1.2@sha256:0f7142d8d58f7717242d65238e8814f17f9bbe7224a463adf34f75262c536227,2949
- completed:
    hackage: gitlib-libgit2-3.1.2.1@sha256:36bc92f117158440ca69e32051aabdf9df75be8a3fb5f45dff8828898e615a0a,2354
    pantry-tree:
      size: 516
      sha256: 47695cdeb7c1fb95a5c4bfd21bf46014554ccdd1e5059d5558a0348042044f39
  original:
    hackage: gitlib-libgit2-3.1.2.1@sha256:36bc92f117158440ca69e32051aabdf9df75be8a3fb5f45dff8828898e615a0a,2354
- completed:
    name: text-icu
    version: 0.55.2.0
    git: https://github.com/LukaHorvat/text-icu.git
    pantry-tree:
      size: 2466
      sha256: 0cb3cf27d28a95164eff801646c1c971e4d624d429f38899aaa2bfb06248765f
    commit: 9672dc725028b0b92e51ca6f69a78593978be78b
  original:
    git: https://github.com/LukaHorvat/text-icu.git
    commit: 9672dc725028b0b92e51ca6f69a78593978be78b
snapshots:
- completed:
    size: 563099
    url: https://raw.githubusercontent.com/commercialhaskell/stackage-snapshots/master/lts/17/2.yaml
    sha256: 92b1a17e31d0a978fca4bf270305d4d1dd8092271bf60eafbc9349c890854026
  original:
    url: https://raw.githubusercontent.com/commercialhaskell/stackage-snapshots/master/lts/17/2.yaml
